# THIS IS AN AUTOGENERATED FILE. DO NOT EDIT THIS FILE DIRECTLY.
# yarn lockfile v1


"@figouzes/falcon-css@^0.1.2":
  version "0.1.2"
  resolved "https://registry.yarnpkg.com/@figouzes/falcon-css/-/falcon-css-0.1.2.tgz#45f4a42f41d703c8809268c86586d30883b775a7"
  integrity sha512-PKYrnRVZJf1czIwq3vYkGHNQTFL+LItvqZuDkyJSe0BlkLGuOMl9WwpDz6FfKq8Bta6bs9NgFgHTXbu+WDx1Rw==

typescript@^4.0.5:
  version "4.1.2"
  resolved "https://registry.yarnpkg.com/typescript/-/typescript-4.1.2.tgz#6369ef22516fe5e10304aae5a5c4862db55380e9"
  integrity sha512-thGloWsGH3SOxv1SoY7QojKi0tc+8FnOmiarEGMbd/lar7QOEd3hvlx3Fp5y6FlDUGl9L+pd4n2e+oToGMmhRQ==
