# THIS IS AN AUTOGENERATED FILE. DO NOT EDIT THIS FILE DIRECTLY.
# yarn lockfile v1


"@figouzes/falcon-css@^0.1.0":
  version "0.1.0"
  resolved "https://registry.yarnpkg.com/@figouzes/falcon-css/-/falcon-css-0.1.0.tgz#8c4cf646beb1b2c8ae93e9c3e287c7dfad599dda"
  integrity sha512-cVeFqoyTwrMTohY3PU0bE1XZX4upWAJlkAaf3u7nVe2YcwvxzfrmfMssJIc3pwAj486FK29lBZNUVg4xv9EV/w==

typescript@^4.0.5:
  version "4.1.2"
  resolved "https://registry.yarnpkg.com/typescript/-/typescript-4.1.2.tgz#6369ef22516fe5e10304aae5a5c4862db55380e9"
  integrity sha512-thGloWsGH3SOxv1SoY7QojKi0tc+8FnOmiarEGMbd/lar7QOEd3hvlx3Fp5y6FlDUGl9L+pd4n2e+oToGMmhRQ==
